{
  "name": "clawdie-platform-worker",
  "version": "0.1.0",
  "lockfileVersion": 3,
  "requires": true,
  "packages": {
    "": {
      "name": "clawdie-platform-worker",
      "version": "0.1.0",
      "dependencies": {
        "@noble/hashes": "2.4.0",
        "jose": "6.2.1"
      },
      "engines": {
        "node": ">=24"
      }
    },
    "node_modules/@noble/hashes": {
      "version": "2.4.0",
      "resolved": "https://registry.npmjs.org/@noble/hashes/-/hashes-2.4.0.tgz",
      "integrity": "sha512-X5XaVWZIBCT7HHZGm5I7ZQXDwLG+bGXuSrMQAW+7Zvl87h1kmc1ZB1VSRJcpUfoUrGQp4Fkoxm5kZ+Ms+aW+eA==",
      "engines": {
        "node": ">= 20.19.0"
      },
      "funding": {
        "url": "https://paulmillr.com/funding/"
      }
    },
    "node_modules/jose": {
      "version": "6.2.1",
      "resolved": "https://registry.npmjs.org/jose/-/jose-6.2.1.tgz",
      "integrity": "sha512-jUaKr1yrbfaImV7R2TN/b3IcZzsw38/chqMpo2XJ7i2F8AfM/lA4G1goC3JVEwg0H7UldTmSt3P68nt31W7/mw==",
      "funding": {
        "url": "https://github.com/sponsors/panva"
      }
    }
  }
}
